
Microsoft Visual Studio Solution File, Format Version 12.00
# Visual Studio Version 17
VisualStudioVersion = 17.6.33815.320
MinimumVisualStudioVersion = 10.0.40219.1
Project("{FAE04EC0-301F-11D3-BF4B-00C04F79EFBC}") = "SeleniumNunit", "SeleniumNunit.csproj", "{A61B6E23-D796-4522-8316-D16D354EA548}"
EndProject
Global
	GlobalSection(SolutionConfigurationPlatforms) = preSolution
		Debug|Any CPU = Debug|Any CPU
		Release|Any CPU = Release|Any CPU
	EndGlobalSection
	GlobalSection(ProjectConfigurationPlatforms) = postSolution
		{A61B6E23-D796-4522-8316-D16D354EA548}.Debug|Any CPU.ActiveCfg = Debug|Any CPU
		{A61B6E23-D796-4522-8316-D16D354EA548}.Debug|Any CPU.Build.0 = Debug|Any CPU
		{A61B6E23-D796-4522-8316-D16D354EA548}.Release|Any CPU.ActiveCfg = Release|Any CPU
		{A61B6E23-D796-4522-8316-D16D354EA548}.Release|Any CPU.Build.0 = Release|Any CPU
	EndGlobalSection
	GlobalSection(SolutionProperties) = preSolution
		HideSolutionNode = FALSE
	EndGlobalSection
	GlobalSection(ExtensibilityGlobals) = postSolution
		SolutionGuid = {9DF14AA2-1162-4BC3-BA8C-C4A58B93A412}
	EndGlobalSection
EndGlobal
